Microsoft Visual Studio Solution File, Format Version 12.00
# Visual Studio 2012
Project("{FAE04EC0-301F-11D3-BF4B-00C04F79EFBC}") = "KeepItAlive", "KeepItAlive.csproj", "{2838E52A-0349-4788-AE9E-EB1DE6F0C9FF}"
EndProject
Global
	GlobalSection(SolutionConfigurationPlatforms) = preSolution
	Debug|Any CPU = Debug|Any CPU
	Release|Any CPU = Release|Any CPU
	Tools|Any CPU = Tools|Any CPU
	EndGlobalSection
	GlobalSection(ProjectConfigurationPlatforms) = postSolution
		{2838E52A-0349-4788-AE9E-EB1DE6F0C9FF}.Debug|Any CPU.ActiveCfg = Debug|Any CPU
		{2838E52A-0349-4788-AE9E-EB1DE6F0C9FF}.Debug|Any CPU.Build.0 = Debug|Any CPU
		{2838E52A-0349-4788-AE9E-EB1DE6F0C9FF}.Release|Any CPU.ActiveCfg = Release|Any CPU
		{2838E52A-0349-4788-AE9E-EB1DE6F0C9FF}.Release|Any CPU.Build.0 = Release|Any CPU
		{2838E52A-0349-4788-AE9E-EB1DE6F0C9FF}.Tools|Any CPU.ActiveCfg = Tools|Any CPU
		{2838E52A-0349-4788-AE9E-EB1DE6F0C9FF}.Tools|Any CPU.Build.0 = Tools|Any CPU
	EndGlobalSection
EndGlobal
